// !$*UTF8*$!
{
	archiveVersion = 1;
	classes = {
	};
	objectVersion = 50;
	objects = {

/* Begin PBXBuildFile section */
		D9D551DE24B3B1D4003E437E /* GradientView.swift in Sources */ = {isa = PBXBuildFile; fileRef = D9D551DD24B3B1D4003E437E /* GradientView.swift */; };
		D9FD994724B36F1300374B1A /* AppDelegate.swift in Sources */ = {isa = PBXBuildFile; fileRef = D9FD994624B36F1300374B1A /* AppDelegate.swift */; };
		D9FD994924B36F1300374B1A /* SceneDelegate.swift in Sources */ = {isa = PBXBuildFile; fileRef = D9FD994824B36F1300374B1A /* SceneDelegate.swift */; };
		D9FD994B24B36F1300374B1A /* ViewController.swift in Sources */ = {isa = PBXBuildFile; fileRef = D9FD994A24B36F1300374B1A /* ViewController.swift */; };
		D9FD994E24B36F1300374B1A /* Main.storyboard in Resources */ = {isa = PBXBuildFile; fileRef = D9FD994C24B36F1300374B1A /* Main.storyboard */; };
		D9FD995024B36F1800374B1A /* Assets.xcassets in Resources */ = {isa = PBXBuildFile; fileRef = D9FD994F24B36F1800374B1A /* Assets.xcassets */; };
		D9FD995324B36F1800374B1A /* LaunchScreen.storyboard in Resources */ = {isa = PBXBuildFile; fileRef = D9FD995124B36F1800374B1A /* LaunchScreen.storyboard */; };
		D9FD995E24B36F1800374B1A /* RandomizerV2Tests.swift in Sources */ = {isa = PBXBuildFile; fileRef = D9FD995D24B36F1800374B1A /* RandomizerV2Tests.swift */; };
/* End PBXBuildFile section */

/* Begin PBXContainerItemProxy section */
		D9FD995A24B36F1800374B1A /* PBXContainerItemProxy */ = {
			isa = PBXContainerItemProxy;
			containerPortal = D9FD993B24B36F1300374B1A /* Project object */;
			proxyType = 1;
			remoteGlobalIDString = D9FD994224B36F1300374B1A;
			remoteInfo = RandomizerV2;
		};
/* End PBXContainerItemProxy section */

/* Begin PBXFileReference section */
		D9D551DD24B3B1D4003E437E /* GradientView.swift */ = {isa = PBXFileReference; lastKnownFileType = sourcecode.swift; path = GradientView.swift; sourceTree = "<group>"; };
		D9FD994324B36F1300374B1A /* RandomizerV2.app */ = {isa = PBXFileReference; explicitFileType = wrapper.application; includeInIndex = 0; path = RandomizerV2.app; sourceTree = BUILT_PRODUCTS_DIR; };
		D9FD994624B36F1300374B1A /* AppDelegate.swift */ = {isa = PBXFileReference; lastKnownFileType = sourcecode.swift; path = AppDelegate.swift; sourceTree = "<group>"; };
		D9FD994824B36F1300374B1A /* SceneDelegate.swift */ = {isa = PBXFileReference; lastKnownFileType = sourcecode.swift; path = SceneDelegate.swift; sourceTree = "<group>"; };
		D9FD994A24B36F1300374B1A /* ViewController.swift */ = {isa = PBXFileReference; lastKnownFileType = sourcecode.swift; path = ViewController.swift; sourceTree = "<group>"; };
		D9FD994D24B36F1300374B1A /* Base */ = {isa = PBXFileReference; lastKnownFileType = file.storyboard; name = Base; path = Base.lproj/Main.storyboard; sourceTree = "<group>"; };
		D9FD994F24B36F1800374B1A /* Assets.xcassets */ = {isa = PBXFileReference; lastKnownFileType = folder.assetcatalog; path = Assets.xcassets; sourceTree = "<group>"; };
		D9FD995224B36F1800374B1A /* Base */ = {isa = PBXFileReference; lastKnownFileType = file.storyboard; name = Base; path = Base.lproj/LaunchScreen.storyboard; sourceTree = "<group>"; };
		D9FD995424B36F1800374B1A /* Info.plist */ = {isa = PBXFileReference; lastKnownFileType = text.plist.xml; path = Info.plist; sourceTree = "<group>"; };
		D9FD995924B36F1800374B1A /* RandomizerV2Tests.xctest */ = {isa = PBXFileReference; explicitFileType = wrapper.cfbundle; includeInIndex = 0; path = RandomizerV2Tests.xctest; sourceTree = BUILT_PRODUCTS_DIR; };
		D9FD995D24B36F1800374B1A /* RandomizerV2Tests.swift */ = {isa = PBXFileReference; lastKnownFileType = sourcecode.swift; path = RandomizerV2Tests.swift; sourceTree = "<group>"; };
		D9FD995F24B36F1800374B1A /* Info.plist */ = {isa = PBXFileReference; lastKnownFileType = text.plist.xml; path = Info.plist; sourceTree = "<group>"; };
/* End PBXFileReference section */

/* Begin PBXFrameworksBuildPhase section */
		D9FD994024B36F1300374B1A /* Frameworks */ = {
			isa = PBXFrameworksBuildPhase;
			buildActionMask = 2147483647;
			files = (
			);
			runOnlyForDeploymentPostprocessing = 0;
		};
		D9FD995624B36F1800374B1A /* Frameworks */ = {
			isa = PBXFrameworksBuildPhase;
			buildActionMask = 2147483647;
			files = (
			);
			runOnlyForDeploymentPostprocessing = 0;
		};
/* End PBXFrameworksBuildPhase section */

/* Begin PBXGroup section */
		D9FD993A24B36F1300374B1A = {
			isa = PBXGroup;
			children = (
				D9FD994524B36F1300374B1A /* RandomizerV2 */,
				D9FD995C24B36F1800374B1A /* RandomizerV2Tests */,
				D9FD994424B36F1300374B1A /* Products */,
			);
			sourceTree = "<group>";
		};
		D9FD994424B36F1300374B1A /* Products */ = {
			isa = PBXGroup;
			children = (
				D9FD994324B36F1300374B1A /* RandomizerV2.app */,
				D9FD995924B36F1800374B1A /* RandomizerV2Tests.xctest */,
			);
			name = Products;
			sourceTree = "<group>";
		};
		D9FD994524B36F1300374B1A /* RandomizerV2 */ = {
			isa = PBXGroup;
			children = (
				D9D551DD24B3B1D4003E437E /* GradientView.swift */,
				D9FD994624B36F1300374B1A /* AppDelegate.swift */,
				D9FD994824B36F1300374B1A /* SceneDelegate.swift */,
				D9FD994A24B36F1300374B1A /* ViewController.swift */,
				D9FD994C24B36F1300374B1A /* Main.storyboard */,
				D9FD994F24B36F1800374B1A /* Assets.xcassets */,
				D9FD995124B36F1800374B1A /* LaunchScreen.storyboard */,
				D9FD995424B36F1800374B1A /* Info.plist */,
			);
			path = RandomizerV2;
			sourceTree = "<group>";
		};
		D9FD995C24B36F1800374B1A /* RandomizerV2Tests */ = {
			isa = PBXGroup;
			children = (
				D9FD995D24B36F1800374B1A /* RandomizerV2Tests.swift */,
				D9FD995F24B36F1800374B1A /* Info.plist */,
			);
			path = RandomizerV2Tests;
			sourceTree = "<group>";
		};
/* End PBXGroup section */

/* Begin PBXNativeTarget section */
		D9FD994224B36F1300374B1A /* RandomizerV2 */ = {
			isa = PBXNativeTarget;
			buildConfigurationList = D9FD996224B36F1800374B1A /* Build configuration list for PBXNativeTarget "RandomizerV2" */;
			buildPhases = (
				D9FD993F24B36F1300374B1A /* Sources */,
				D9FD994024B36F1300374B1A /* Frameworks */,
				D9FD994124B36F1300374B1A /* Resources */,
			);
			buildRules = (
			);
			dependencies = (
			);
			name = RandomizerV2;
			productName = RandomizerV2;
			productReference = D9FD994324B36F1300374B1A /* RandomizerV2.app */;
			productType = "com.apple.product-type.application";
		};
		D9FD995824B36F1800374B1A /* RandomizerV2Tests */ = {
			isa = PBXNativeTarget;
			buildConfigurationList = D9FD996524B36F1800374B1A /* Build configuration list for PBXNativeTarget "RandomizerV2Tests" */;
			buildPhases = (
				D9FD995524B36F1800374B1A /* Sources */,
				D9FD995624B36F1800374B1A /* Frameworks */,
				D9FD995724B36F1800374B1A /* Resources */,
			);
			buildRules = (
			);
			dependencies = (
				D9FD995B24B36F1800374B1A /* PBXTargetDependency */,
			);
			name = RandomizerV2Tests;
			productName = RandomizerV2Tests;
			productReference = D9FD995924B36F1800374B1A /* RandomizerV2Tests.xctest */;
			productType = "com.apple.product-type.bundle.unit-test";
		};
/* End PBXNativeTarget section */

/* Begin PBXProject section */
		D9FD993B24B36F1300374B1A /* Project object */ = {
			isa = PBXProject;
			attributes = {
				LastSwiftUpdateCheck = 1120;
				LastUpgradeCheck = 1120;
				ORGANIZATIONNAME = "Melvyn Malherbe";
				TargetAttributes = {
					D9FD994224B36F1300374B1A = {
						CreatedOnToolsVersion = 11.2;
					};
					D9FD995824B36F1800374B1A = {
						CreatedOnToolsVersion = 11.2;
						TestTargetID = D9FD994224B36F1300374B1A;
					};
				};
			};
			buildConfigurationList = D9FD993E24B36F1300374B1A /* Build configuration list for PBXProject "RandomizerV2" */;
			compatibilityVersion = "Xcode 9.3";
			developmentRegion = en;
			hasScannedForEncodings = 0;
			knownRegions = (
				en,
				Base,
			);
			mainGroup = D9FD993A24B36F1300374B1A;
			productRefGroup = D9FD994424B36F1300374B1A /* Products */;
			projectDirPath = "";
			projectRoot = "";
			targets = (
				D9FD994224B36F1300374B1A /* RandomizerV2 */,
				D9FD995824B36F1800374B1A /* RandomizerV2Tests */,
			);
		};
/* End PBXProject section */

/* Begin PBXResourcesBuildPhase section */
		D9FD994124B36F1300374B1A /* Resources */ = {
			isa = PBXResourcesBuildPhase;
			buildActionMask = 2147483647;
			files = (
				D9FD995324B36F1800374B1A /* LaunchScreen.storyboard in Resources */,
				D9FD995024B36F1800374B1A /* Assets.xcassets in Resources */,
				D9FD994E24B36F1300374B1A /* Main.storyboard in Resources */,
			);
			runOnlyForDeploymentPostprocessing = 0;
		};
		D9FD995724B36F1800374B1A /* Resources */ = {
			isa = PBXResourcesBuildPhase;
			buildActionMask = 2147483647;
			files = (
			);
			runOnlyForDeploymentPostprocessing = 0;
		};
/* End PBXResourcesBuildPhase section */

/* Begin PBXSourcesBuildPhase section */
		D9FD993F24B36F1300374B1A /* Sources */ = {
			isa = PBXSourcesBuildPhase;
			buildActionMask = 2147483647;
			files = (
				D9FD994B24B36F1300374B1A /* ViewController.swift in Sources */,
				D9FD994724B36F1300374B1A /* AppDelegate.swift in Sources */,
				D9D551DE24B3B1D4003E437E /* GradientView.swift in Sources */,
				D9FD994924B36F1300374B1A /* SceneDelegate.swift in Sources */,
			);
			runOnlyForDeploymentPostprocessing = 0;
		};
		D9FD995524B36F1800374B1A /* Sources */ = {
			isa = PBXSourcesBuildPhase;
			buildActionMask = 2147483647;
			files = (
				D9FD995E24B36F1800374B1A /* RandomizerV2Tests.swift in Sources */,
			);
			runOnlyForDeploymentPostprocessing = 0;
		};
/* End PBXSourcesBuildPhase section */

/* Begin PBXTargetDependency section */
		D9FD995B24B36F1800374B1A /* PBXTargetDependency */ = {
			isa = PBXTargetDependency;
			target = D9FD994224B36F1300374B1A /* RandomizerV2 */;
			targetProxy = D9FD995A24B36F1800374B1A /* PBXContainerItemProxy */;
		};
/* End PBXTargetDependency section */

/* Begin PBXVariantGroup section */
		D9FD994C24B36F1300374B1A /* Main.storyboard */ = {
			isa = PBXVariantGroup;
			children = (
				D9FD994D24B36F1300374B1A /* Base */,
			);
			name = Main.storyboard;
			sourceTree = "<group>";
		};
		D9FD995124B36F1800374B1A /* LaunchScreen.storyboard */ = {
			isa = PBXVariantGroup;
			children = (
				D9FD995224B36F1800374B1A /* Base */,
			);
			name = LaunchScreen.storyboard;
			sourceTree = "<group>";
		};
/* End PBXVariantGroup section */

/* Begin XCBuildConfiguration section */
		D9FD996024B36F1800374B1A /* Debug */ = {
			isa = XCBuildConfiguration;
			buildSettings = {
				ALWAYS_SEARCH_USER_PATHS = NO;
				CLANG_ANALYZER_NONNULL = YES;
				CLANG_ANALYZER_NUMBER_OBJECT_CONVERSION = YES_AGGRESSIVE;
				CLANG_CXX_LANGUAGE_STANDARD = "gnu++14";
				CLANG_CXX_LIBRARY = "libc++";
				CLANG_ENABLE_MODULES = YES;
				CLANG_ENABLE_OBJC_ARC = YES;
				CLANG_ENABLE_OBJC_WEAK = YES;
				CLANG_WARN_BLOCK_CAPTURE_AUTORELEASING = YES;
				CLANG_WARN_BOOL_CONVERSION = YES;
				CLANG_WARN_COMMA = YES;
				CLANG_WARN_CONSTANT_CONVERSION = YES;
				CLANG_WARN_DEPRECATED_OBJC_IMPLEMENTATIONS = YES;
				CLANG_WARN_DIRECT_OBJC_ISA_USAGE = YES_ERROR;
				CLANG_WARN_DOCUMENTATION_COMMENTS = YES;
				CLANG_WARN_EMPTY_BODY = YES;
				CLANG_WARN_ENUM_CONVERSION = YES;
				CLANG_WARN_INFINITE_RECURSION = YES;
				CLANG_WARN_INT_CONVERSION = YES;
				CLANG_WARN_NON_LITERAL_NULL_CONVERSION = YES;
				CLANG_WARN_OBJC_IMPLICIT_RETAIN_SELF = YES;
				CLANG_WARN_OBJC_LITERAL_CONVERSION = YES;
				CLANG_WARN_OBJC_ROOT_CLASS = YES_ERROR;
				CLANG_WARN_RANGE_LOOP_ANALYSIS = YES;
				CLANG_WARN_STRICT_PROTOTYPES = YES;
				CLANG_WARN_SUSPICIOUS_MOVE = YES;
				CLANG_WARN_UNGUARDED_AVAILABILITY = YES_AGGRESSIVE;
				CLANG_WARN_UNREACHABLE_CODE = YES;
				CLANG_WARN__DUPLICATE_METHOD_MATCH = YES;
				COPY_PHASE_STRIP = NO;
				DEBUG_INFORMATION_FORMAT = dwarf;
				ENABLE_STRICT_OBJC_MSGSEND = YES;
				ENABLE_TESTABILITY = YES;
				GCC_C_LANGUAGE_STANDARD = gnu11;
				GCC_DYNAMIC_NO_PIC = NO;
				GCC_NO_COMMON_BLOCKS = YES;
				GCC_OPTIMIZATION_LEVEL = 0;
				GCC_PREPROCESSOR_DEFINITIONS = (
					"DEBUG=1",
					"$(inherited)",
				);
				GCC_WARN_64_TO_32_BIT_CONVERSION = YES;
				GCC_WARN_ABOUT_RETURN_TYPE = YES_ERROR;
				GCC_WARN_UNDECLARED_SELECTOR = YES;
				GCC_WARN_UNINITIALIZED_AUTOS = YES_AGGRESSIVE;
				GCC_WARN_UNUSED_FUNCTION = YES;
				GCC_WARN_UNUSED_VARIABLE = YES;
				IPHONEOS_DEPLOYMENT_TARGET = 13.2;
				MTL_ENABLE_DEBUG_INFO = INCLUDE_SOURCE;
				MTL_FAST_MATH = YES;
				ONLY_ACTIVE_ARCH = YES;
				SDKROOT = iphoneos;
				SWIFT_ACTIVE_COMPILATION_CONDITIONS = DEBUG;
				SWIFT_OPTIMIZATION_LEVEL = "-Onone";
			};
			name = Debug;
		};
		D9FD996124B36F1800374B1A /* Release */ = {
			isa = XCBuildConfiguration;
			buildSettings = {
				ALWAYS_SEARCH_USER_PATHS = NO;
				CLANG_ANALYZER_NONNULL = YES;
				CLANG_ANALYZER_NUMBER_OBJECT_CONVERSION = YES_AGGRESSIVE;
				CLANG_CXX_LANGUAGE_STANDARD = "gnu++14";
				CLANG_CXX_LIBRARY = "libc++";
				CLANG_ENABLE_MODULES = YES;
				CLANG_ENABLE_OBJC_ARC = YES;
				CLANG_ENABLE_OBJC_WEAK = YES;
				CLANG_WARN_BLOCK_CAPTURE_AUTORELEASING = YES;
				CLANG_WARN_BOOL_CONVERSION = YES;
				CLANG_WARN_COMMA = YES;
				CLANG_WARN_CONSTANT_CONVERSION = YES;
				CLANG_WARN_DEPRECATED_OBJC_IMPLEMENTATIONS = YES;
				CLANG_WARN_DIRECT_OBJC_ISA_USAGE = YES_ERROR;
				CLANG_WARN_DOCUMENTATION_COMMENTS = YES;
				CLANG_WARN_EMPTY_BODY = YES;
				CLANG_WARN_ENUM_CONVERSION = YES;
				CLANG_WARN_INFINITE_RECURSION = YES;
				CLANG_WARN_INT_CONVERSION = YES;
				CLANG_WARN_NON_LITERAL_NULL_CONVERSION = YES;
				CLANG_WARN_OBJC_IMPLICIT_RETAIN_SELF = YES;
				CLANG_WARN_OBJC_LITERAL_CONVERSION = YES;
				CLANG_WARN_OBJC_ROOT_CLASS = YES_ERROR;
				CLANG_WARN_RANGE_LOOP_ANALYSIS = YES;
				CLANG_WARN_STRICT_PROTOTYPES = YES;
				CLANG_WARN_SUSPICIOUS_MOVE = YES;
				CLANG_WARN_UNGUARDED_AVAILABILITY = YES_AGGRESSIVE;
				CLANG_WARN_UNREACHABLE_CODE = YES;
				CLANG_WARN__DUPLICATE_METHOD_MATCH = YES;
				COPY_PHASE_STRIP = NO;
				DEBUG_INFORMATION_FORMAT = "dwarf-with-dsym";
				ENABLE_NS_ASSERTIONS = NO;
				ENABLE_STRICT_OBJC_MSGSEND = YES;
				GCC_C_LANGUAGE_STANDARD = gnu11;
				GCC_NO_COMMON_BLOCKS = YES;
				GCC_WARN_64_TO_32_BIT_CONVERSION = YES;
				GCC_WARN_ABOUT_RETURN_TYPE = YES_ERROR;
				GCC_WARN_UNDECLARED_SELECTOR = YES;
				GCC_WARN_UNINITIALIZED_AUTOS = YES_AGGRESSIVE;
				GCC_WARN_UNUSED_FUNCTION = YES;
				GCC_WARN_UNUSED_VARIABLE = YES;
				IPHONEOS_DEPLOYMENT_TARGET = 13.2;
				MTL_ENABLE_DEBUG_INFO = NO;
				MTL_FAST_MATH = YES;
				SDKROOT = iphoneos;
				SWIFT_COMPILATION_MODE = wholemodule;
				SWIFT_OPTIMIZATION_LEVEL = "-O";
				VALIDATE_PRODUCT = YES;
			};
			name = Release;
		};
		D9FD996324B36F1800374B1A /* Debug */ = {
			isa = XCBuildConfiguration;
			buildSettings = {
				ASSETCATALOG_COMPILER_APPICON_NAME = AppIcon;
				CODE_SIGN_STYLE = Automatic;
				DEVELOPMENT_TEAM = 23Y9NGHN84;
				INFOPLIST_FILE = RandomizerV2/Info.plist;
				LD_RUNPATH_SEARCH_PATHS = (
					"$(inherited)",
					"@executable_path/Frameworks",
				);
				PRODUCT_BUNDLE_IDENTIFIER = com.melvynx.RandomizerV22;
				PRODUCT_NAME = "$(TARGET_NAME)";
				SWIFT_VERSION = 5.0;
				TARGETED_DEVICE_FAMILY = "1,2";
			};
			name = Debug;
		};
		D9FD996424B36F1800374B1A /* Release */ = {
			isa = XCBuildConfiguration;
			buildSettings = {
				ASSETCATALOG_COMPILER_APPICON_NAME = AppIcon;
				CODE_SIGN_STYLE = Automatic;
				DEVELOPMENT_TEAM = 23Y9NGHN84;
				INFOPLIST_FILE = RandomizerV2/Info.plist;
				LD_RUNPATH_SEARCH_PATHS = (
					"$(inherited)",
					"@executable_path/Frameworks",
				);
				PRODUCT_BUNDLE_IDENTIFIER = com.melvynx.RandomizerV22;
				PRODUCT_NAME = "$(TARGET_NAME)";
				SWIFT_VERSION = 5.0;
				TARGETED_DEVICE_FAMILY = "1,2";
			};
			name = Release;
		};
		D9FD996624B36F1800374B1A /* Debug */ = {
			isa = XCBuildConfiguration;
			buildSettings = {
				ALWAYS_EMBED_SWIFT_STANDARD_LIBRARIES = YES;
				BUNDLE_LOADER = "$(TEST_HOST)";
				CODE_SIGN_STYLE = Automatic;
				INFOPLIST_FILE = RandomizerV2Tests/Info.plist;
				IPHONEOS_DEPLOYMENT_TARGET = 13.2;
				LD_RUNPATH_SEARCH_PATHS = (
					"$(inherited)",
					"@executable_path/Frameworks",
					"@loader_path/Frameworks",
				);
				PRODUCT_BUNDLE_IDENTIFIER = com.melvynx.RandomizerV2Tests;
				PRODUCT_NAME = "$(TARGET_NAME)";
				SWIFT_VERSION = 5.0;
				TARGETED_DEVICE_FAMILY = "1,2";
				TEST_HOST = "$(BUILT_PRODUCTS_DIR)/RandomizerV2.app/RandomizerV2";
			};
			name = Debug;
		};
		D9FD996724B36F1800374B1A /* Release */ = {
			isa = XCBuildConfiguration;
			buildSettings = {
				ALWAYS_EMBED_SWIFT_STANDARD_LIBRARIES = YES;
				BUNDLE_LOADER = "$(TEST_HOST)";
				CODE_SIGN_STYLE = Automatic;
				INFOPLIST_FILE = RandomizerV2Tests/Info.plist;
				IPHONEOS_DEPLOYMENT_TARGET = 13.2;
				LD_RUNPATH_SEARCH_PATHS = (
					"$(inherited)",
					"@executable_path/Frameworks",
					"@loader_path/Frameworks",
				);
				PRODUCT_BUNDLE_IDENTIFIER = com.melvynx.RandomizerV2Tests;
				PRODUCT_NAME = "$(TARGET_NAME)";
				SWIFT_VERSION = 5.0;
				TARGETED_DEVICE_FAMILY = "1,2";
				TEST_HOST = "$(BUILT_PRODUCTS_DIR)/RandomizerV2.app/RandomizerV2";
			};
			name = Release;
		};
/* End XCBuildConfiguration section */

/* Begin XCConfigurationList section */
		D9FD993E24B36F1300374B1A /* Build configuration list for PBXProject "RandomizerV2" */ = {
			isa = XCConfigurationList;
			buildConfigurations = (
				D9FD996024B36F1800374B1A /* Debug */,
				D9FD996124B36F1800374B1A /* Release */,
			);
			defaultConfigurationIsVisible = 0;
			defaultConfigurationName = Release;
		};
		D9FD996224B36F1800374B1A /* Build configuration list for PBXNativeTarget "RandomizerV2" */ = {
			isa = XCConfigurationList;
			buildConfigurations = (
				D9FD996324B36F1800374B1A /* Debug */,
				D9FD996424B36F1800374B1A /* Release */,
			);
			defaultConfigurationIsVisible = 0;
			defaultConfigurationName = Release;
		};
		D9FD996524B36F1800374B1A /* Build configuration list for PBXNativeTarget "RandomizerV2Tests" */ = {
			isa = XCConfigurationList;
			buildConfigurations = (
				D9FD996624B36F1800374B1A /* Debug */,
				D9FD996724B36F1800374B1A /* Release */,
			);
			defaultConfigurationIsVisible = 0;
			defaultConfigurationName = Release;
		};
/* End XCConfigurationList section */
	};
	rootObject = D9FD993B24B36F1300374B1A /* Project object */;
}
