// !$*UTF8*$!
{
	archiveVersion = 1;
	classes = {
	};
	objectVersion = 50;
	objects = {

/* Begin PBXBuildFile section */
		D9BD7D5F268CB0A2006D871C /* AppDelegate.swift in Sources */ = {isa = PBXBuildFile; fileRef = D9BD7D5E268CB0A2006D871C /* AppDelegate.swift */; };
		D9BD7D61268CB0A2006D871C /* SceneDelegate.swift in Sources */ = {isa = PBXBuildFile; fileRef = D9BD7D60268CB0A2006D871C /* SceneDelegate.swift */; };
		D9BD7D63268CB0A2006D871C /* ViewController.swift in Sources */ = {isa = PBXBuildFile; fileRef = D9BD7D62268CB0A2006D871C /* ViewController.swift */; };
		D9BD7D66268CB0A2006D871C /* Main.storyboard in Resources */ = {isa = PBXBuildFile; fileRef = D9BD7D64268CB0A2006D871C /* Main.storyboard */; };
		D9BD7D68268CB0A4006D871C /* Assets.xcassets in Resources */ = {isa = PBXBuildFile; fileRef = D9BD7D67268CB0A4006D871C /* Assets.xcassets */; };
		D9BD7D6B268CB0A4006D871C /* LaunchScreen.storyboard in Resources */ = {isa = PBXBuildFile; fileRef = D9BD7D69268CB0A4006D871C /* LaunchScreen.storyboard */; };
		D9BD7D76268CB0A4006D871C /* RandomizerV4Tests.swift in Sources */ = {isa = PBXBuildFile; fileRef = D9BD7D75268CB0A4006D871C /* RandomizerV4Tests.swift */; };
		D9BD7D81268CB0A4006D871C /* RandomizerV4UITests.swift in Sources */ = {isa = PBXBuildFile; fileRef = D9BD7D80268CB0A4006D871C /* RandomizerV4UITests.swift */; };
		D9BD7D97268CB277006D871C /* GradiantView.swift in Sources */ = {isa = PBXBuildFile; fileRef = D9BD7D96268CB277006D871C /* GradiantView.swift */; };
		D9BD7D99268CB401006D871C /* BooleanViewController.swift in Sources */ = {isa = PBXBuildFile; fileRef = D9BD7D98268CB401006D871C /* BooleanViewController.swift */; };
		D9BD7D9B268CB413006D871C /* NumbersViewController.swift in Sources */ = {isa = PBXBuildFile; fileRef = D9BD7D9A268CB413006D871C /* NumbersViewController.swift */; };
/* End PBXBuildFile section */

/* Begin PBXContainerItemProxy section */
		D9BD7D72268CB0A4006D871C /* PBXContainerItemProxy */ = {
			isa = PBXContainerItemProxy;
			containerPortal = D9BD7D53268CB0A2006D871C /* Project object */;
			proxyType = 1;
			remoteGlobalIDString = D9BD7D5A268CB0A2006D871C;
			remoteInfo = RandomizerV4;
		};
		D9BD7D7D268CB0A4006D871C /* PBXContainerItemProxy */ = {
			isa = PBXContainerItemProxy;
			containerPortal = D9BD7D53268CB0A2006D871C /* Project object */;
			proxyType = 1;
			remoteGlobalIDString = D9BD7D5A268CB0A2006D871C;
			remoteInfo = RandomizerV4;
		};
/* End PBXContainerItemProxy section */

/* Begin PBXFileReference section */
		D9BD7D5B268CB0A2006D871C /* RandomizerV4.app */ = {isa = PBXFileReference; explicitFileType = wrapper.application; includeInIndex = 0; path = RandomizerV4.app; sourceTree = BUILT_PRODUCTS_DIR; };
		D9BD7D5E268CB0A2006D871C /* AppDelegate.swift */ = {isa = PBXFileReference; lastKnownFileType = sourcecode.swift; path = AppDelegate.swift; sourceTree = "<group>"; };
		D9BD7D60268CB0A2006D871C /* SceneDelegate.swift */ = {isa = PBXFileReference; lastKnownFileType = sourcecode.swift; path = SceneDelegate.swift; sourceTree = "<group>"; };
		D9BD7D62268CB0A2006D871C /* ViewController.swift */ = {isa = PBXFileReference; lastKnownFileType = sourcecode.swift; path = ViewController.swift; sourceTree = "<group>"; };
		D9BD7D65268CB0A2006D871C /* Base */ = {isa = PBXFileReference; lastKnownFileType = file.storyboard; name = Base; path = Base.lproj/Main.storyboard; sourceTree = "<group>"; };
		D9BD7D67268CB0A4006D871C /* Assets.xcassets */ = {isa = PBXFileReference; lastKnownFileType = folder.assetcatalog; path = Assets.xcassets; sourceTree = "<group>"; };
		D9BD7D6A268CB0A4006D871C /* Base */ = {isa = PBXFileReference; lastKnownFileType = file.storyboard; name = Base; path = Base.lproj/LaunchScreen.storyboard; sourceTree = "<group>"; };
		D9BD7D6C268CB0A4006D871C /* Info.plist */ = {isa = PBXFileReference; lastKnownFileType = text.plist.xml; path = Info.plist; sourceTree = "<group>"; };
		D9BD7D71268CB0A4006D871C /* RandomizerV4Tests.xctest */ = {isa = PBXFileReference; explicitFileType = wrapper.cfbundle; includeInIndex = 0; path = RandomizerV4Tests.xctest; sourceTree = BUILT_PRODUCTS_DIR; };
		D9BD7D75268CB0A4006D871C /* RandomizerV4Tests.swift */ = {isa = PBXFileReference; lastKnownFileType = sourcecode.swift; path = RandomizerV4Tests.swift; sourceTree = "<group>"; };
		D9BD7D77268CB0A4006D871C /* Info.plist */ = {isa = PBXFileReference; lastKnownFileType = text.plist.xml; path = Info.plist; sourceTree = "<group>"; };
		D9BD7D7C268CB0A4006D871C /* RandomizerV4UITests.xctest */ = {isa = PBXFileReference; explicitFileType = wrapper.cfbundle; includeInIndex = 0; path = RandomizerV4UITests.xctest; sourceTree = BUILT_PRODUCTS_DIR; };
		D9BD7D80268CB0A4006D871C /* RandomizerV4UITests.swift */ = {isa = PBXFileReference; lastKnownFileType = sourcecode.swift; path = RandomizerV4UITests.swift; sourceTree = "<group>"; };
		D9BD7D82268CB0A4006D871C /* Info.plist */ = {isa = PBXFileReference; lastKnownFileType = text.plist.xml; path = Info.plist; sourceTree = "<group>"; };
		D9BD7D96268CB277006D871C /* GradiantView.swift */ = {isa = PBXFileReference; lastKnownFileType = sourcecode.swift; path = GradiantView.swift; sourceTree = "<group>"; };
		D9BD7D98268CB401006D871C /* BooleanViewController.swift */ = {isa = PBXFileReference; lastKnownFileType = sourcecode.swift; path = BooleanViewController.swift; sourceTree = "<group>"; };
		D9BD7D9A268CB413006D871C /* NumbersViewController.swift */ = {isa = PBXFileReference; lastKnownFileType = sourcecode.swift; path = NumbersViewController.swift; sourceTree = "<group>"; };
/* End PBXFileReference section */

/* Begin PBXFrameworksBuildPhase section */
		D9BD7D58268CB0A2006D871C /* Frameworks */ = {
			isa = PBXFrameworksBuildPhase;
			buildActionMask = 2147483647;
			files = (
			);
			runOnlyForDeploymentPostprocessing = 0;
		};
		D9BD7D6E268CB0A4006D871C /* Frameworks */ = {
			isa = PBXFrameworksBuildPhase;
			buildActionMask = 2147483647;
			files = (
			);
			runOnlyForDeploymentPostprocessing = 0;
		};
		D9BD7D79268CB0A4006D871C /* Frameworks */ = {
			isa = PBXFrameworksBuildPhase;
			buildActionMask = 2147483647;
			files = (
			);
			runOnlyForDeploymentPostprocessing = 0;
		};
/* End PBXFrameworksBuildPhase section */

/* Begin PBXGroup section */
		D9BD7D52268CB0A2006D871C = {
			isa = PBXGroup;
			children = (
				D9BD7D5D268CB0A2006D871C /* RandomizerV4 */,
				D9BD7D74268CB0A4006D871C /* RandomizerV4Tests */,
				D9BD7D7F268CB0A4006D871C /* RandomizerV4UITests */,
				D9BD7D5C268CB0A2006D871C /* Products */,
			);
			sourceTree = "<group>";
		};
		D9BD7D5C268CB0A2006D871C /* Products */ = {
			isa = PBXGroup;
			children = (
				D9BD7D5B268CB0A2006D871C /* RandomizerV4.app */,
				D9BD7D71268CB0A4006D871C /* RandomizerV4Tests.xctest */,
				D9BD7D7C268CB0A4006D871C /* RandomizerV4UITests.xctest */,
			);
			name = Products;
			sourceTree = "<group>";
		};
		D9BD7D5D268CB0A2006D871C /* RandomizerV4 */ = {
			isa = PBXGroup;
			children = (
				D9BD7D95268CB257006D871C /* Utils */,
				D9BD7D90268CB138006D871C /* List */,
				D9BD7D8F268CB12D006D871C /* Boolean */,
				D9BD7D8E268CB122006D871C /* Numbers */,
				D9BD7D5E268CB0A2006D871C /* AppDelegate.swift */,
				D9BD7D60268CB0A2006D871C /* SceneDelegate.swift */,
				D9BD7D62268CB0A2006D871C /* ViewController.swift */,
				D9BD7D64268CB0A2006D871C /* Main.storyboard */,
				D9BD7D67268CB0A4006D871C /* Assets.xcassets */,
				D9BD7D69268CB0A4006D871C /* LaunchScreen.storyboard */,
				D9BD7D6C268CB0A4006D871C /* Info.plist */,
			);
			path = RandomizerV4;
			sourceTree = "<group>";
		};
		D9BD7D74268CB0A4006D871C /* RandomizerV4Tests */ = {
			isa = PBXGroup;
			children = (
				D9BD7D75268CB0A4006D871C /* RandomizerV4Tests.swift */,
				D9BD7D77268CB0A4006D871C /* Info.plist */,
			);
			path = RandomizerV4Tests;
			sourceTree = "<group>";
		};
		D9BD7D7F268CB0A4006D871C /* RandomizerV4UITests */ = {
			isa = PBXGroup;
			children = (
				D9BD7D80268CB0A4006D871C /* RandomizerV4UITests.swift */,
				D9BD7D82268CB0A4006D871C /* Info.plist */,
			);
			path = RandomizerV4UITests;
			sourceTree = "<group>";
		};
		D9BD7D8E268CB122006D871C /* Numbers */ = {
			isa = PBXGroup;
			children = (
				D9BD7D9A268CB413006D871C /* NumbersViewController.swift */,
			);
			path = Numbers;
			sourceTree = "<group>";
		};
		D9BD7D8F268CB12D006D871C /* Boolean */ = {
			isa = PBXGroup;
			children = (
				D9BD7D98268CB401006D871C /* BooleanViewController.swift */,
			);
			path = Boolean;
			sourceTree = "<group>";
		};
		D9BD7D90268CB138006D871C /* List */ = {
			isa = PBXGroup;
			children = (
			);
			path = List;
			sourceTree = "<group>";
		};
		D9BD7D95268CB257006D871C /* Utils */ = {
			isa = PBXGroup;
			children = (
				D9BD7D96268CB277006D871C /* GradiantView.swift */,
			);
			path = Utils;
			sourceTree = "<group>";
		};
/* End PBXGroup section */

/* Begin PBXNativeTarget section */
		D9BD7D5A268CB0A2006D871C /* RandomizerV4 */ = {
			isa = PBXNativeTarget;
			buildConfigurationList = D9BD7D85268CB0A4006D871C /* Build configuration list for PBXNativeTarget "RandomizerV4" */;
			buildPhases = (
				D9BD7D57268CB0A2006D871C /* Sources */,
				D9BD7D58268CB0A2006D871C /* Frameworks */,
				D9BD7D59268CB0A2006D871C /* Resources */,
			);
			buildRules = (
			);
			dependencies = (
			);
			name = RandomizerV4;
			productName = RandomizerV4;
			productReference = D9BD7D5B268CB0A2006D871C /* RandomizerV4.app */;
			productType = "com.apple.product-type.application";
		};
		D9BD7D70268CB0A4006D871C /* RandomizerV4Tests */ = {
			isa = PBXNativeTarget;
			buildConfigurationList = D9BD7D88268CB0A4006D871C /* Build configuration list for PBXNativeTarget "RandomizerV4Tests" */;
			buildPhases = (
				D9BD7D6D268CB0A4006D871C /* Sources */,
				D9BD7D6E268CB0A4006D871C /* Frameworks */,
				D9BD7D6F268CB0A4006D871C /* Resources */,
			);
			buildRules = (
			);
			dependencies = (
				D9BD7D73268CB0A4006D871C /* PBXTargetDependency */,
			);
			name = RandomizerV4Tests;
			productName = RandomizerV4Tests;
			productReference = D9BD7D71268CB0A4006D871C /* RandomizerV4Tests.xctest */;
			productType = "com.apple.product-type.bundle.unit-test";
		};
		D9BD7D7B268CB0A4006D871C /* RandomizerV4UITests */ = {
			isa = PBXNativeTarget;
			buildConfigurationList = D9BD7D8B268CB0A4006D871C /* Build configuration list for PBXNativeTarget "RandomizerV4UITests" */;
			buildPhases = (
				D9BD7D78268CB0A4006D871C /* Sources */,
				D9BD7D79268CB0A4006D871C /* Frameworks */,
				D9BD7D7A268CB0A4006D871C /* Resources */,
			);
			buildRules = (
			);
			dependencies = (
				D9BD7D7E268CB0A4006D871C /* PBXTargetDependency */,
			);
			name = RandomizerV4UITests;
			productName = RandomizerV4UITests;
			productReference = D9BD7D7C268CB0A4006D871C /* RandomizerV4UITests.xctest */;
			productType = "com.apple.product-type.bundle.ui-testing";
		};
/* End PBXNativeTarget section */

/* Begin PBXProject section */
		D9BD7D53268CB0A2006D871C /* Project object */ = {
			isa = PBXProject;
			attributes = {
				LastSwiftUpdateCheck = 1250;
				LastUpgradeCheck = 1250;
				TargetAttributes = {
					D9BD7D5A268CB0A2006D871C = {
						CreatedOnToolsVersion = 12.5.1;
					};
					D9BD7D70268CB0A4006D871C = {
						CreatedOnToolsVersion = 12.5.1;
						TestTargetID = D9BD7D5A268CB0A2006D871C;
					};
					D9BD7D7B268CB0A4006D871C = {
						CreatedOnToolsVersion = 12.5.1;
						TestTargetID = D9BD7D5A268CB0A2006D871C;
					};
				};
			};
			buildConfigurationList = D9BD7D56268CB0A2006D871C /* Build configuration list for PBXProject "RandomizerV4" */;
			compatibilityVersion = "Xcode 9.3";
			developmentRegion = en;
			hasScannedForEncodings = 0;
			knownRegions = (
				en,
				Base,
			);
			mainGroup = D9BD7D52268CB0A2006D871C;
			productRefGroup = D9BD7D5C268CB0A2006D871C /* Products */;
			projectDirPath = "";
			projectRoot = "";
			targets = (
				D9BD7D5A268CB0A2006D871C /* RandomizerV4 */,
				D9BD7D70268CB0A4006D871C /* RandomizerV4Tests */,
				D9BD7D7B268CB0A4006D871C /* RandomizerV4UITests */,
			);
		};
/* End PBXProject section */

/* Begin PBXResourcesBuildPhase section */
		D9BD7D59268CB0A2006D871C /* Resources */ = {
			isa = PBXResourcesBuildPhase;
			buildActionMask = 2147483647;
			files = (
				D9BD7D6B268CB0A4006D871C /* LaunchScreen.storyboard in Resources */,
				D9BD7D68268CB0A4006D871C /* Assets.xcassets in Resources */,
				D9BD7D66268CB0A2006D871C /* Main.storyboard in Resources */,
			);
			runOnlyForDeploymentPostprocessing = 0;
		};
		D9BD7D6F268CB0A4006D871C /* Resources */ = {
			isa = PBXResourcesBuildPhase;
			buildActionMask = 2147483647;
			files = (
			);
			runOnlyForDeploymentPostprocessing = 0;
		};
		D9BD7D7A268CB0A4006D871C /* Resources */ = {
			isa = PBXResourcesBuildPhase;
			buildActionMask = 2147483647;
			files = (
			);
			runOnlyForDeploymentPostprocessing = 0;
		};
/* End PBXResourcesBuildPhase section */

/* Begin PBXSourcesBuildPhase section */
		D9BD7D57268CB0A2006D871C /* Sources */ = {
			isa = PBXSourcesBuildPhase;
			buildActionMask = 2147483647;
			files = (
				D9BD7D63268CB0A2006D871C /* ViewController.swift in Sources */,
				D9BD7D99268CB401006D871C /* BooleanViewController.swift in Sources */,
				D9BD7D5F268CB0A2006D871C /* AppDelegate.swift in Sources */,
				D9BD7D9B268CB413006D871C /* NumbersViewController.swift in Sources */,
				D9BD7D97268CB277006D871C /* GradiantView.swift in Sources */,
				D9BD7D61268CB0A2006D871C /* SceneDelegate.swift in Sources */,
			);
			runOnlyForDeploymentPostprocessing = 0;
		};
		D9BD7D6D268CB0A4006D871C /* Sources */ = {
			isa = PBXSourcesBuildPhase;
			buildActionMask = 2147483647;
			files = (
				D9BD7D76268CB0A4006D871C /* RandomizerV4Tests.swift in Sources */,
			);
			runOnlyForDeploymentPostprocessing = 0;
		};
		D9BD7D78268CB0A4006D871C /* Sources */ = {
			isa = PBXSourcesBuildPhase;
			buildActionMask = 2147483647;
			files = (
				D9BD7D81268CB0A4006D871C /* RandomizerV4UITests.swift in Sources */,
			);
			runOnlyForDeploymentPostprocessing = 0;
		};
/* End PBXSourcesBuildPhase section */

/* Begin PBXTargetDependency section */
		D9BD7D73268CB0A4006D871C /* PBXTargetDependency */ = {
			isa = PBXTargetDependency;
			target = D9BD7D5A268CB0A2006D871C /* RandomizerV4 */;
			targetProxy = D9BD7D72268CB0A4006D871C /* PBXContainerItemProxy */;
		};
		D9BD7D7E268CB0A4006D871C /* PBXTargetDependency */ = {
			isa = PBXTargetDependency;
			target = D9BD7D5A268CB0A2006D871C /* RandomizerV4 */;
			targetProxy = D9BD7D7D268CB0A4006D871C /* PBXContainerItemProxy */;
		};
/* End PBXTargetDependency section */

/* Begin PBXVariantGroup section */
		D9BD7D64268CB0A2006D871C /* Main.storyboard */ = {
			isa = PBXVariantGroup;
			children = (
				D9BD7D65268CB0A2006D871C /* Base */,
			);
			name = Main.storyboard;
			sourceTree = "<group>";
		};
		D9BD7D69268CB0A4006D871C /* LaunchScreen.storyboard */ = {
			isa = PBXVariantGroup;
			children = (
				D9BD7D6A268CB0A4006D871C /* Base */,
			);
			name = LaunchScreen.storyboard;
			sourceTree = "<group>";
		};
/* End PBXVariantGroup section */

/* Begin XCBuildConfiguration section */
		D9BD7D83268CB0A4006D871C /* Debug */ = {
			isa = XCBuildConfiguration;
			buildSettings = {
				ALWAYS_SEARCH_USER_PATHS = NO;
				CLANG_ANALYZER_NONNULL = YES;
				CLANG_ANALYZER_NUMBER_OBJECT_CONVERSION = YES_AGGRESSIVE;
				CLANG_CXX_LANGUAGE_STANDARD = "gnu++14";
				CLANG_CXX_LIBRARY = "libc++";
				CLANG_ENABLE_MODULES = YES;
				CLANG_ENABLE_OBJC_ARC = YES;
				CLANG_ENABLE_OBJC_WEAK = YES;
				CLANG_WARN_BLOCK_CAPTURE_AUTORELEASING = YES;
				CLANG_WARN_BOOL_CONVERSION = YES;
				CLANG_WARN_COMMA = YES;
				CLANG_WARN_CONSTANT_CONVERSION = YES;
				CLANG_WARN_DEPRECATED_OBJC_IMPLEMENTATIONS = YES;
				CLANG_WARN_DIRECT_OBJC_ISA_USAGE = YES_ERROR;
				CLANG_WARN_DOCUMENTATION_COMMENTS = YES;
				CLANG_WARN_EMPTY_BODY = YES;
				CLANG_WARN_ENUM_CONVERSION = YES;
				CLANG_WARN_INFINITE_RECURSION = YES;
				CLANG_WARN_INT_CONVERSION = YES;
				CLANG_WARN_NON_LITERAL_NULL_CONVERSION = YES;
				CLANG_WARN_OBJC_IMPLICIT_RETAIN_SELF = YES;
				CLANG_WARN_OBJC_LITERAL_CONVERSION = YES;
				CLANG_WARN_OBJC_ROOT_CLASS = YES_ERROR;
				CLANG_WARN_QUOTED_INCLUDE_IN_FRAMEWORK_HEADER = YES;
				CLANG_WARN_RANGE_LOOP_ANALYSIS = YES;
				CLANG_WARN_STRICT_PROTOTYPES = YES;
				CLANG_WARN_SUSPICIOUS_MOVE = YES;
				CLANG_WARN_UNGUARDED_AVAILABILITY = YES_AGGRESSIVE;
				CLANG_WARN_UNREACHABLE_CODE = YES;
				CLANG_WARN__DUPLICATE_METHOD_MATCH = YES;
				COPY_PHASE_STRIP = NO;
				DEBUG_INFORMATION_FORMAT = dwarf;
				ENABLE_STRICT_OBJC_MSGSEND = YES;
				ENABLE_TESTABILITY = YES;
				GCC_C_LANGUAGE_STANDARD = gnu11;
				GCC_DYNAMIC_NO_PIC = NO;
				GCC_NO_COMMON_BLOCKS = YES;
				GCC_OPTIMIZATION_LEVEL = 0;
				GCC_PREPROCESSOR_DEFINITIONS = (
					"DEBUG=1",
					"$(inherited)",
				);
				GCC_WARN_64_TO_32_BIT_CONVERSION = YES;
				GCC_WARN_ABOUT_RETURN_TYPE = YES_ERROR;
				GCC_WARN_UNDECLARED_SELECTOR = YES;
				GCC_WARN_UNINITIALIZED_AUTOS = YES_AGGRESSIVE;
				GCC_WARN_UNUSED_FUNCTION = YES;
				GCC_WARN_UNUSED_VARIABLE = YES;
				IPHONEOS_DEPLOYMENT_TARGET = 14.5;
				MTL_ENABLE_DEBUG_INFO = INCLUDE_SOURCE;
				MTL_FAST_MATH = YES;
				ONLY_ACTIVE_ARCH = YES;
				SDKROOT = iphoneos;
				SWIFT_ACTIVE_COMPILATION_CONDITIONS = DEBUG;
				SWIFT_OPTIMIZATION_LEVEL = "-Onone";
			};
			name = Debug;
		};
		D9BD7D84268CB0A4006D871C /* Release */ = {
			isa = XCBuildConfiguration;
			buildSettings = {
				ALWAYS_SEARCH_USER_PATHS = NO;
				CLANG_ANALYZER_NONNULL = YES;
				CLANG_ANALYZER_NUMBER_OBJECT_CONVERSION = YES_AGGRESSIVE;
				CLANG_CXX_LANGUAGE_STANDARD = "gnu++14";
				CLANG_CXX_LIBRARY = "libc++";
				CLANG_ENABLE_MODULES = YES;
				CLANG_ENABLE_OBJC_ARC = YES;
				CLANG_ENABLE_OBJC_WEAK = YES;
				CLANG_WARN_BLOCK_CAPTURE_AUTORELEASING = YES;
				CLANG_WARN_BOOL_CONVERSION = YES;
				CLANG_WARN_COMMA = YES;
				CLANG_WARN_CONSTANT_CONVERSION = YES;
				CLANG_WARN_DEPRECATED_OBJC_IMPLEMENTATIONS = YES;
				CLANG_WARN_DIRECT_OBJC_ISA_USAGE = YES_ERROR;
				CLANG_WARN_DOCUMENTATION_COMMENTS = YES;
				CLANG_WARN_EMPTY_BODY = YES;
				CLANG_WARN_ENUM_CONVERSION = YES;
				CLANG_WARN_INFINITE_RECURSION = YES;
				CLANG_WARN_INT_CONVERSION = YES;
				CLANG_WARN_NON_LITERAL_NULL_CONVERSION = YES;
				CLANG_WARN_OBJC_IMPLICIT_RETAIN_SELF = YES;
				CLANG_WARN_OBJC_LITERAL_CONVERSION = YES;
				CLANG_WARN_OBJC_ROOT_CLASS = YES_ERROR;
				CLANG_WARN_QUOTED_INCLUDE_IN_FRAMEWORK_HEADER = YES;
				CLANG_WARN_RANGE_LOOP_ANALYSIS = YES;
				CLANG_WARN_STRICT_PROTOTYPES = YES;
				CLANG_WARN_SUSPICIOUS_MOVE = YES;
				CLANG_WARN_UNGUARDED_AVAILABILITY = YES_AGGRESSIVE;
				CLANG_WARN_UNREACHABLE_CODE = YES;
				CLANG_WARN__DUPLICATE_METHOD_MATCH = YES;
				COPY_PHASE_STRIP = NO;
				DEBUG_INFORMATION_FORMAT = "dwarf-with-dsym";
				ENABLE_NS_ASSERTIONS = NO;
				ENABLE_STRICT_OBJC_MSGSEND = YES;
				GCC_C_LANGUAGE_STANDARD = gnu11;
				GCC_NO_COMMON_BLOCKS = YES;
				GCC_WARN_64_TO_32_BIT_CONVERSION = YES;
				GCC_WARN_ABOUT_RETURN_TYPE = YES_ERROR;
				GCC_WARN_UNDECLARED_SELECTOR = YES;
				GCC_WARN_UNINITIALIZED_AUTOS = YES_AGGRESSIVE;
				GCC_WARN_UNUSED_FUNCTION = YES;
				GCC_WARN_UNUSED_VARIABLE = YES;
				IPHONEOS_DEPLOYMENT_TARGET = 14.5;
				MTL_ENABLE_DEBUG_INFO = NO;
				MTL_FAST_MATH = YES;
				SDKROOT = iphoneos;
				SWIFT_COMPILATION_MODE = wholemodule;
				SWIFT_OPTIMIZATION_LEVEL = "-O";
				VALIDATE_PRODUCT = YES;
			};
			name = Release;
		};
		D9BD7D86268CB0A4006D871C /* Debug */ = {
			isa = XCBuildConfiguration;
			buildSettings = {
				ASSETCATALOG_COMPILER_APPICON_NAME = AppIcon;
				ASSETCATALOG_COMPILER_GLOBAL_ACCENT_COLOR_NAME = AccentColor;
				CODE_SIGN_STYLE = Automatic;
				DEVELOPMENT_TEAM = 23Y9NGHN84;
				INFOPLIST_FILE = RandomizerV4/Info.plist;
				IPHONEOS_DEPLOYMENT_TARGET = 13.6;
				LD_RUNPATH_SEARCH_PATHS = (
					"$(inherited)",
					"@executable_path/Frameworks",
				);
				PRODUCT_BUNDLE_IDENTIFIER = melvynx.RandomizerV4;
				PRODUCT_NAME = "$(TARGET_NAME)";
				SWIFT_VERSION = 5.0;
				TARGETED_DEVICE_FAMILY = "1,2";
			};
			name = Debug;
		};
		D9BD7D87268CB0A4006D871C /* Release */ = {
			isa = XCBuildConfiguration;
			buildSettings = {
				ASSETCATALOG_COMPILER_APPICON_NAME = AppIcon;
				ASSETCATALOG_COMPILER_GLOBAL_ACCENT_COLOR_NAME = AccentColor;
				CODE_SIGN_STYLE = Automatic;
				DEVELOPMENT_TEAM = 23Y9NGHN84;
				INFOPLIST_FILE = RandomizerV4/Info.plist;
				IPHONEOS_DEPLOYMENT_TARGET = 13.6;
				LD_RUNPATH_SEARCH_PATHS = (
					"$(inherited)",
					"@executable_path/Frameworks",
				);
				PRODUCT_BUNDLE_IDENTIFIER = melvynx.RandomizerV4;
				PRODUCT_NAME = "$(TARGET_NAME)";
				SWIFT_VERSION = 5.0;
				TARGETED_DEVICE_FAMILY = "1,2";
			};
			name = Release;
		};
		D9BD7D89268CB0A4006D871C /* Debug */ = {
			isa = XCBuildConfiguration;
			buildSettings = {
				ALWAYS_EMBED_SWIFT_STANDARD_LIBRARIES = YES;
				BUNDLE_LOADER = "$(TEST_HOST)";
				CODE_SIGN_STYLE = Automatic;
				DEVELOPMENT_TEAM = 23Y9NGHN84;
				INFOPLIST_FILE = RandomizerV4Tests/Info.plist;
				IPHONEOS_DEPLOYMENT_TARGET = 14.5;
				LD_RUNPATH_SEARCH_PATHS = (
					"$(inherited)",
					"@executable_path/Frameworks",
					"@loader_path/Frameworks",
				);
				PRODUCT_BUNDLE_IDENTIFIER = melvynx.RandomizerV4Tests;
				PRODUCT_NAME = "$(TARGET_NAME)";
				SWIFT_VERSION = 5.0;
				TARGETED_DEVICE_FAMILY = "1,2";
				TEST_HOST = "$(BUILT_PRODUCTS_DIR)/RandomizerV4.app/RandomizerV4";
			};
			name = Debug;
		};
		D9BD7D8A268CB0A4006D871C /* Release */ = {
			isa = XCBuildConfiguration;
			buildSettings = {
				ALWAYS_EMBED_SWIFT_STANDARD_LIBRARIES = YES;
				BUNDLE_LOADER = "$(TEST_HOST)";
				CODE_SIGN_STYLE = Automatic;
				DEVELOPMENT_TEAM = 23Y9NGHN84;
				INFOPLIST_FILE = RandomizerV4Tests/Info.plist;
				IPHONEOS_DEPLOYMENT_TARGET = 14.5;
				LD_RUNPATH_SEARCH_PATHS = (
					"$(inherited)",
					"@executable_path/Frameworks",
					"@loader_path/Frameworks",
				);
				PRODUCT_BUNDLE_IDENTIFIER = melvynx.RandomizerV4Tests;
				PRODUCT_NAME = "$(TARGET_NAME)";
				SWIFT_VERSION = 5.0;
				TARGETED_DEVICE_FAMILY = "1,2";
				TEST_HOST = "$(BUILT_PRODUCTS_DIR)/RandomizerV4.app/RandomizerV4";
			};
			name = Release;
		};
		D9BD7D8C268CB0A4006D871C /* Debug */ = {
			isa = XCBuildConfiguration;
			buildSettings = {
				ALWAYS_EMBED_SWIFT_STANDARD_LIBRARIES = YES;
				CODE_SIGN_STYLE = Automatic;
				DEVELOPMENT_TEAM = 23Y9NGHN84;
				INFOPLIST_FILE = RandomizerV4UITests/Info.plist;
				LD_RUNPATH_SEARCH_PATHS = (
					"$(inherited)",
					"@executable_path/Frameworks",
					"@loader_path/Frameworks",
				);
				PRODUCT_BUNDLE_IDENTIFIER = melvynx.RandomizerV4UITests;
				PRODUCT_NAME = "$(TARGET_NAME)";
				SWIFT_VERSION = 5.0;
				TARGETED_DEVICE_FAMILY = "1,2";
				TEST_TARGET_NAME = RandomizerV4;
			};
			name = Debug;
		};
		D9BD7D8D268CB0A4006D871C /* Release */ = {
			isa = XCBuildConfiguration;
			buildSettings = {
				ALWAYS_EMBED_SWIFT_STANDARD_LIBRARIES = YES;
				CODE_SIGN_STYLE = Automatic;
				DEVELOPMENT_TEAM = 23Y9NGHN84;
				INFOPLIST_FILE = RandomizerV4UITests/Info.plist;
				LD_RUNPATH_SEARCH_PATHS = (
					"$(inherited)",
					"@executable_path/Frameworks",
					"@loader_path/Frameworks",
				);
				PRODUCT_BUNDLE_IDENTIFIER = melvynx.RandomizerV4UITests;
				PRODUCT_NAME = "$(TARGET_NAME)";
				SWIFT_VERSION = 5.0;
				TARGETED_DEVICE_FAMILY = "1,2";
				TEST_TARGET_NAME = RandomizerV4;
			};
			name = Release;
		};
/* End XCBuildConfiguration section */

/* Begin XCConfigurationList section */
		D9BD7D56268CB0A2006D871C /* Build configuration list for PBXProject "RandomizerV4" */ = {
			isa = XCConfigurationList;
			buildConfigurations = (
				D9BD7D83268CB0A4006D871C /* Debug */,
				D9BD7D84268CB0A4006D871C /* Release */,
			);
			defaultConfigurationIsVisible = 0;
			defaultConfigurationName = Release;
		};
		D9BD7D85268CB0A4006D871C /* Build configuration list for PBXNativeTarget "RandomizerV4" */ = {
			isa = XCConfigurationList;
			buildConfigurations = (
				D9BD7D86268CB0A4006D871C /* Debug */,
				D9BD7D87268CB0A4006D871C /* Release */,
			);
			defaultConfigurationIsVisible = 0;
			defaultConfigurationName = Release;
		};
		D9BD7D88268CB0A4006D871C /* Build configuration list for PBXNativeTarget "RandomizerV4Tests" */ = {
			isa = XCConfigurationList;
			buildConfigurations = (
				D9BD7D89268CB0A4006D871C /* Debug */,
				D9BD7D8A268CB0A4006D871C /* Release */,
			);
			defaultConfigurationIsVisible = 0;
			defaultConfigurationName = Release;
		};
		D9BD7D8B268CB0A4006D871C /* Build configuration list for PBXNativeTarget "RandomizerV4UITests" */ = {
			isa = XCConfigurationList;
			buildConfigurations = (
				D9BD7D8C268CB0A4006D871C /* Debug */,
				D9BD7D8D268CB0A4006D871C /* Release */,
			);
			defaultConfigurationIsVisible = 0;
			defaultConfigurationName = Release;
		};
/* End XCConfigurationList section */
	};
	rootObject = D9BD7D53268CB0A2006D871C /* Project object */;
}
